
Microsoft Visual Studio Solution File, Format Version 12.00
# Visual Studio Version 17
VisualStudioVersion = 17.8.34330.188
MinimumVisualStudioVersion = 10.0.40219.1
Project("{FAE04EC0-301F-11D3-BF4B-00C04F79EFBC}") = "Assisted_Practice_Phase1Section4.15", "Assisted_Practice_Phase1Section4.15\Assisted_Practice_Phase1Section4.15.csproj", "{63901999-0619-437E-ACEE-13C9151810C4}"
EndProject
Global
	GlobalSection(SolutionConfigurationPlatforms) = preSolution
		Debug|Any CPU = Debug|Any CPU
		Release|Any CPU = Release|Any CPU
	EndGlobalSection
	GlobalSection(ProjectConfigurationPlatforms) = postSolution
		{63901999-0619-437E-ACEE-13C9151810C4}.Debug|Any CPU.ActiveCfg = Debug|Any CPU
		{63901999-0619-437E-ACEE-13C9151810C4}.Debug|Any CPU.Build.0 = Debug|Any CPU
		{63901999-0619-437E-ACEE-13C9151810C4}.Release|Any CPU.ActiveCfg = Release|Any CPU
		{63901999-0619-437E-ACEE-13C9151810C4}.Release|Any CPU.Build.0 = Release|Any CPU
	EndGlobalSection
	GlobalSection(SolutionProperties) = preSolution
		HideSolutionNode = FALSE
	EndGlobalSection
	GlobalSection(ExtensibilityGlobals) = postSolution
		SolutionGuid = {5C6DFF12-D048-4612-847A-B8A381778299}
	EndGlobalSection
EndGlobal
